
Microsoft Visual Studio Solution File, Format Version 12.00
# Visual Studio Version 17
VisualStudioVersion = 17.7.34031.279
MinimumVisualStudioVersion = 10.0.40219.1
Project("{9A19103F-16F7-4668-BE54-9A1E7A4F7556}") = "DiegoRodriguez", "DiegoRodriguez\DiegoRodriguez.csproj", "{B91F9857-E38B-47DA-8F52-65CDAC1AC36A}"
	ProjectSection(ProjectDependencies) = postProject
		{4CC33756-0985-483B-9E76-5022EECDB948} = {4CC33756-0985-483B-9E76-5022EECDB948}
		{C59FF977-5DDC-45AD-91EF-B4A565FDF2A8} = {C59FF977-5DDC-45AD-91EF-B4A565FDF2A8}
	EndProjectSection
EndProject
Project("{9A19103F-16F7-4668-BE54-9A1E7A4F7556}") = "DiegoRodriguez.Modelos", "DiegoRodriguez.Modelos\DiegoRodriguez.Modelos.csproj", "{C59FF977-5DDC-45AD-91EF-B4A565FDF2A8}"
EndProject
Project("{9A19103F-16F7-4668-BE54-9A1E7A4F7556}") = "DiegoRodriguez.Services", "DiegoRodriguez.Services\DiegoRodriguez.Services.csproj", "{4CC33756-0985-483B-9E76-5022EECDB948}"
EndProject
Global
	GlobalSection(SolutionConfigurationPlatforms) = preSolution
		Debug|Any CPU = Debug|Any CPU
		Release|Any CPU = Release|Any CPU
	EndGlobalSection
	GlobalSection(ProjectConfigurationPlatforms) = postSolution
		{B91F9857-E38B-47DA-8F52-65CDAC1AC36A}.Debug|Any CPU.ActiveCfg = Debug|Any CPU
		{B91F9857-E38B-47DA-8F52-65CDAC1AC36A}.Debug|Any CPU.Build.0 = Debug|Any CPU
		{B91F9857-E38B-47DA-8F52-65CDAC1AC36A}.Release|Any CPU.ActiveCfg = Release|Any CPU
		{B91F9857-E38B-47DA-8F52-65CDAC1AC36A}.Release|Any CPU.Build.0 = Release|Any CPU
		{C59FF977-5DDC-45AD-91EF-B4A565FDF2A8}.Debug|Any CPU.ActiveCfg = Debug|Any CPU
		{C59FF977-5DDC-45AD-91EF-B4A565FDF2A8}.Debug|Any CPU.Build.0 = Debug|Any CPU
		{C59FF977-5DDC-45AD-91EF-B4A565FDF2A8}.Release|Any CPU.ActiveCfg = Release|Any CPU
		{C59FF977-5DDC-45AD-91EF-B4A565FDF2A8}.Release|Any CPU.Build.0 = Release|Any CPU
		{4CC33756-0985-483B-9E76-5022EECDB948}.Debug|Any CPU.ActiveCfg = Debug|Any CPU
		{4CC33756-0985-483B-9E76-5022EECDB948}.Debug|Any CPU.Build.0 = Debug|Any CPU
		{4CC33756-0985-483B-9E76-5022EECDB948}.Release|Any CPU.ActiveCfg = Release|Any CPU
		{4CC33756-0985-483B-9E76-5022EECDB948}.Release|Any CPU.Build.0 = Release|Any CPU
	EndGlobalSection
	GlobalSection(SolutionProperties) = preSolution
		HideSolutionNode = FALSE
	EndGlobalSection
	GlobalSection(ExtensibilityGlobals) = postSolution
		SolutionGuid = {1E24DBBD-FDD0-4CD9-AFC4-D75BF0B1CD5A}
	EndGlobalSection
EndGlobal
