
Microsoft Visual Studio Solution File, Format Version 12.00
# Visual Studio Version 17
VisualStudioVersion = 17.7.34031.279
MinimumVisualStudioVersion = 10.0.40219.1
Project("{9A19103F-16F7-4668-BE54-9A1E7A4F7556}") = "ProjectFutbol", "ProjectFutbol\ProjectFutbol.csproj", "{FD7B8FB6-A194-4E64-9794-EB62BFCB5C73}"
EndProject
Project("{9A19103F-16F7-4668-BE54-9A1E7A4F7556}") = "Modelos", "Modelos\Modelos.csproj", "{DBD11B05-B19B-497D-B804-0C13A06720FF}"
EndProject
Project("{9A19103F-16F7-4668-BE54-9A1E7A4F7556}") = "Services", "Services\Services.csproj", "{2E170CA5-06CC-47F4-991C-66C61B702240}"
EndProject
Global
	GlobalSection(SolutionConfigurationPlatforms) = preSolution
		Debug|Any CPU = Debug|Any CPU
		Release|Any CPU = Release|Any CPU
	EndGlobalSection
	GlobalSection(ProjectConfigurationPlatforms) = postSolution
		{FD7B8FB6-A194-4E64-9794-EB62BFCB5C73}.Debug|Any CPU.ActiveCfg = Debug|Any CPU
		{FD7B8FB6-A194-4E64-9794-EB62BFCB5C73}.Debug|Any CPU.Build.0 = Debug|Any CPU
		{FD7B8FB6-A194-4E64-9794-EB62BFCB5C73}.Release|Any CPU.ActiveCfg = Release|Any CPU
		{FD7B8FB6-A194-4E64-9794-EB62BFCB5C73}.Release|Any CPU.Build.0 = Release|Any CPU
		{DBD11B05-B19B-497D-B804-0C13A06720FF}.Debug|Any CPU.ActiveCfg = Debug|Any CPU
		{DBD11B05-B19B-497D-B804-0C13A06720FF}.Debug|Any CPU.Build.0 = Debug|Any CPU
		{DBD11B05-B19B-497D-B804-0C13A06720FF}.Release|Any CPU.ActiveCfg = Release|Any CPU
		{DBD11B05-B19B-497D-B804-0C13A06720FF}.Release|Any CPU.Build.0 = Release|Any CPU
		{2E170CA5-06CC-47F4-991C-66C61B702240}.Debug|Any CPU.ActiveCfg = Debug|Any CPU
		{2E170CA5-06CC-47F4-991C-66C61B702240}.Debug|Any CPU.Build.0 = Debug|Any CPU
		{2E170CA5-06CC-47F4-991C-66C61B702240}.Release|Any CPU.ActiveCfg = Release|Any CPU
		{2E170CA5-06CC-47F4-991C-66C61B702240}.Release|Any CPU.Build.0 = Release|Any CPU
	EndGlobalSection
	GlobalSection(SolutionProperties) = preSolution
		HideSolutionNode = FALSE
	EndGlobalSection
	GlobalSection(ExtensibilityGlobals) = postSolution
		SolutionGuid = {E875F43F-C18E-4B16-A627-4122FA5401EC}
	EndGlobalSection
EndGlobal
